
Microsoft Visual Studio Solution File, Format Version 12.00
# Visual Studio Version 17
VisualStudioVersion = 17.14.36623.8
MinimumVisualStudioVersion = 10.0.40219.1
Project("{FAE04EC0-301F-11D3-BF4B-00C04F79EFBC}") = "prg1", "prg1\prg1.csproj", "{73C8080D-96B0-4CC6-9E0D-FBEAC393F393}"
EndProject
Global
	GlobalSection(SolutionConfigurationPlatforms) = preSolution
		Debug|Any CPU = Debug|Any CPU
		Release|Any CPU = Release|Any CPU
	EndGlobalSection
	GlobalSection(ProjectConfigurationPlatforms) = postSolution
		{73C8080D-96B0-4CC6-9E0D-FBEAC393F393}.Debug|Any CPU.ActiveCfg = Debug|Any CPU
		{73C8080D-96B0-4CC6-9E0D-FBEAC393F393}.Debug|Any CPU.Build.0 = Debug|Any CPU
		{73C8080D-96B0-4CC6-9E0D-FBEAC393F393}.Release|Any CPU.ActiveCfg = Release|Any CPU
		{73C8080D-96B0-4CC6-9E0D-FBEAC393F393}.Release|Any CPU.Build.0 = Release|Any CPU
	EndGlobalSection
	GlobalSection(SolutionProperties) = preSolution
		HideSolutionNode = FALSE
	EndGlobalSection
	GlobalSection(ExtensibilityGlobals) = postSolution
		SolutionGuid = {C50F702D-797E-47B1-BCC9-7236C3F1793E}
	EndGlobalSection
EndGlobal
